<?xml version="1.0" encoding="utf-8"?>
<Project ToolsVersion="16.0" xmlns="http://schemas.microsoft.com/developer/msbuild/2003">
  <ItemGroup>
    <ClCompile Include="D:\实训\DirectX11-With-Windows-SDK-master\assimp\contrib\zlib\adler32.c">
      <Filter>Source Files</Filter>
    </ClCompile>
    <ClCompile Include="D:\实训\DirectX11-With-Windows-SDK-master\assimp\contrib\zlib\compress.c">
      <Filter>Source Files</Filter>
    </ClCompile>
    <ClCompile Include="D:\实训\DirectX11-With-Windows-SDK-master\assimp\contrib\zlib\crc32.c">
      <Filter>Source Files</Filter>
    </ClCompile>
    <ClCompile Include="D:\实训\DirectX11-With-Windows-SDK-master\assimp\contrib\zlib\deflate.c">
      <Filter>Source Files</Filter>
    </ClCompile>
    <ClCompile Include="D:\实训\DirectX11-With-Windows-SDK-master\assimp\contrib\zlib\gzclose.c">
      <Filter>Source Files</Filter>
    </ClCompile>
    <ClCompile Include="D:\实训\DirectX11-With-Windows-SDK-master\assimp\contrib\zlib\gzlib.c">
      <Filter>Source Files</Filter>
    </ClCompile>
    <ClCompile Include="D:\实训\DirectX11-With-Windows-SDK-master\assimp\contrib\zlib\gzread.c">
      <Filter>Source Files</Filter>
    </ClCompile>
    <ClCompile Include="D:\实训\DirectX11-With-Windows-SDK-master\assimp\contrib\zlib\gzwrite.c">
      <Filter>Source Files</Filter>
    </ClCompile>
    <ClCompile Include="D:\实训\DirectX11-With-Windows-SDK-master\assimp\contrib\zlib\inflate.c">
      <Filter>Source Files</Filter>
    </ClCompile>
    <ClCompile Include="D:\实训\DirectX11-With-Windows-SDK-master\assimp\contrib\zlib\infback.c">
      <Filter>Source Files</Filter>
    </ClCompile>
    <ClCompile Include="D:\实训\DirectX11-With-Windows-SDK-master\assimp\contrib\zlib\inftrees.c">
      <Filter>Source Files</Filter>
    </ClCompile>
    <ClCompile Include="D:\实训\DirectX11-With-Windows-SDK-master\assimp\contrib\zlib\inffast.c">
      <Filter>Source Files</Filter>
    </ClCompile>
    <ClCompile Include="D:\实训\DirectX11-With-Windows-SDK-master\assimp\contrib\zlib\trees.c">
      <Filter>Source Files</Filter>
    </ClCompile>
    <ClCompile Include="D:\实训\DirectX11-With-Windows-SDK-master\assimp\contrib\zlib\uncompr.c">
      <Filter>Source Files</Filter>
    </ClCompile>
    <ClCompile Include="D:\实训\DirectX11-With-Windows-SDK-master\assimp\contrib\zlib\zutil.c">
      <Filter>Source Files</Filter>
    </ClCompile>
  </ItemGroup>
  <ItemGroup>
    <ClInclude Include="D:\实训\DirectX11-With-Windows-SDK-master\build\assimp\contrib\zlib\zconf.h">
      <Filter>Header Files</Filter>
    </ClInclude>
    <ClInclude Include="D:\实训\DirectX11-With-Windows-SDK-master\assimp\contrib\zlib\zlib.h">
      <Filter>Header Files</Filter>
    </ClInclude>
    <ClInclude Include="D:\实训\DirectX11-With-Windows-SDK-master\assimp\contrib\zlib\crc32.h">
      <Filter>Header Files</Filter>
    </ClInclude>
    <ClInclude Include="D:\实训\DirectX11-With-Windows-SDK-master\assimp\contrib\zlib\deflate.h">
      <Filter>Header Files</Filter>
    </ClInclude>
    <ClInclude Include="D:\实训\DirectX11-With-Windows-SDK-master\assimp\contrib\zlib\gzguts.h">
      <Filter>Header Files</Filter>
    </ClInclude>
    <ClInclude Include="D:\实训\DirectX11-With-Windows-SDK-master\assimp\contrib\zlib\inffast.h">
      <Filter>Header Files</Filter>
    </ClInclude>
    <ClInclude Include="D:\实训\DirectX11-With-Windows-SDK-master\assimp\contrib\zlib\inffixed.h">
      <Filter>Header Files</Filter>
    </ClInclude>
    <ClInclude Include="D:\实训\DirectX11-With-Windows-SDK-master\assimp\contrib\zlib\inflate.h">
      <Filter>Header Files</Filter>
    </ClInclude>
    <ClInclude Include="D:\实训\DirectX11-With-Windows-SDK-master\assimp\contrib\zlib\inftrees.h">
      <Filter>Header Files</Filter>
    </ClInclude>
    <ClInclude Include="D:\实训\DirectX11-With-Windows-SDK-master\assimp\contrib\zlib\trees.h">
      <Filter>Header Files</Filter>
    </ClInclude>
    <ClInclude Include="D:\实训\DirectX11-With-Windows-SDK-master\assimp\contrib\zlib\zutil.h">
      <Filter>Header Files</Filter>
    </ClInclude>
  </ItemGroup>
  <ItemGroup>
    <CustomBuild Include="D:\实训\DirectX11-With-Windows-SDK-master\assimp\contrib\zlib\CMakeLists.txt" />
  </ItemGroup>
  <ItemGroup>
    <Filter Include="Header Files">
      <UniqueIdentifier>{2E158AF2-0587-3A36-A0C4-53F04F079D95}</UniqueIdentifier>
    </Filter>
    <Filter Include="Source Files">
      <UniqueIdentifier>{2CE44E4E-540F-3E3F-B9BB-E1E5E3C7132A}</UniqueIdentifier>
    </Filter>
  </ItemGroup>
</Project>
